// !$*UTF8*$!
{
	archiveVersion = 1;
	classes = {
	};
	objectVersion = 46;
	objects = {

/* Begin PBXBuildFile section */
		6DEB0F8991A83810D51031FE /* libPods.a in Frameworks */ = {isa = PBXBuildFile; fileRef = EE0C598ED700E1D7913EB82D /* libPods.a */; };
		85B313CC1C4A18F800AC665E /* ERCalloutView.m in Sources */ = {isa = PBXBuildFile; fileRef = 85B313CB1C4A18F800AC665E /* ERCalloutView.m */; };
		B468D8BB1C49C33400AFC6A7 /* main.m in Sources */ = {isa = PBXBuildFile; fileRef = B468D8BA1C49C33400AFC6A7 /* main.m */; };
		B468D8BE1C49C33400AFC6A7 /* ERAppDelegate.m in Sources */ = {isa = PBXBuildFile; fileRef = B468D8BD1C49C33400AFC6A7 /* ERAppDelegate.m */; };
		B468D8C61C49C33400AFC6A7 /* Assets.xcassets in Resources */ = {isa = PBXBuildFile; fileRef = B468D8C51C49C33400AFC6A7 /* Assets.xcassets */; };
		B468D8C91C49C33400AFC6A7 /* LaunchScreen.storyboard in Resources */ = {isa = PBXBuildFile; fileRef = B468D8C71C49C33400AFC6A7 /* LaunchScreen.storyboard */; };
		B468D8D21C49C42800AFC6A7 /* ERMapViewController.m in Sources */ = {isa = PBXBuildFile; fileRef = B468D8D11C49C42800AFC6A7 /* ERMapViewController.m */; };
		B471FAD91C49E70D005AAD9F /* ERMapView.m in Sources */ = {isa = PBXBuildFile; fileRef = B471FAD81C49E70D005AAD9F /* ERMapView.m */; };
/* End PBXBuildFile section */

/* Begin PBXFileReference section */
		33393FC2D02729A40CD512E1 /* Pods.debug.xcconfig */ = {isa = PBXFileReference; includeInIndex = 1; lastKnownFileType = text.xcconfig; name = Pods.debug.xcconfig; path = "Pods/Target Support Files/Pods/Pods.debug.xcconfig"; sourceTree = "<group>"; };
		85B313CA1C4A18F800AC665E /* ERCalloutView.h */ = {isa = PBXFileReference; fileEncoding = 4; lastKnownFileType = sourcecode.c.h; path = ERCalloutView.h; sourceTree = "<group>"; };
		85B313CB1C4A18F800AC665E /* ERCalloutView.m */ = {isa = PBXFileReference; fileEncoding = 4; lastKnownFileType = sourcecode.c.objc; path = ERCalloutView.m; sourceTree = "<group>"; };
		B468D8B61C49C33400AFC6A7 /* En Route.app */ = {isa = PBXFileReference; explicitFileType = wrapper.application; includeInIndex = 0; path = "En Route.app"; sourceTree = BUILT_PRODUCTS_DIR; };
		B468D8BA1C49C33400AFC6A7 /* main.m */ = {isa = PBXFileReference; lastKnownFileType = sourcecode.c.objc; path = main.m; sourceTree = "<group>"; };
		B468D8BC1C49C33400AFC6A7 /* ERAppDelegate.h */ = {isa = PBXFileReference; lastKnownFileType = sourcecode.c.h; path = ERAppDelegate.h; sourceTree = "<group>"; };
		B468D8BD1C49C33400AFC6A7 /* ERAppDelegate.m */ = {isa = PBXFileReference; lastKnownFileType = sourcecode.c.objc; path = ERAppDelegate.m; sourceTree = "<group>"; };
		B468D8C51C49C33400AFC6A7 /* Assets.xcassets */ = {isa = PBXFileReference; lastKnownFileType = folder.assetcatalog; path = Assets.xcassets; sourceTree = "<group>"; };
		B468D8C81C49C33400AFC6A7 /* Base */ = {isa = PBXFileReference; lastKnownFileType = file.storyboard; name = Base; path = Base.lproj/LaunchScreen.storyboard; sourceTree = "<group>"; };
		B468D8CA1C49C33400AFC6A7 /* Info.plist */ = {isa = PBXFileReference; lastKnownFileType = text.plist.xml; path = Info.plist; sourceTree = "<group>"; };
		B468D8D01C49C42800AFC6A7 /* ERMapViewController.h */ = {isa = PBXFileReference; fileEncoding = 4; lastKnownFileType = sourcecode.c.h; path = ERMapViewController.h; sourceTree = "<group>"; };
		B468D8D11C49C42800AFC6A7 /* ERMapViewController.m */ = {isa = PBXFileReference; fileEncoding = 4; lastKnownFileType = sourcecode.c.objc; path = ERMapViewController.m; sourceTree = "<group>"; };
		B471FAD71C49E70D005AAD9F /* ERMapView.h */ = {isa = PBXFileReference; fileEncoding = 4; lastKnownFileType = sourcecode.c.h; path = ERMapView.h; sourceTree = "<group>"; };
		B471FAD81C49E70D005AAD9F /* ERMapView.m */ = {isa = PBXFileReference; fileEncoding = 4; lastKnownFileType = sourcecode.c.objc; path = ERMapView.m; sourceTree = "<group>"; };
		EDDF7E5BC73E9E7F9D682952 /* Pods.release.xcconfig */ = {isa = PBXFileReference; includeInIndex = 1; lastKnownFileType = text.xcconfig; name = Pods.release.xcconfig; path = "Pods/Target Support Files/Pods/Pods.release.xcconfig"; sourceTree = "<group>"; };
		EE0C598ED700E1D7913EB82D /* libPods.a */ = {isa = PBXFileReference; explicitFileType = archive.ar; includeInIndex = 0; path = libPods.a; sourceTree = BUILT_PRODUCTS_DIR; };
/* End PBXFileReference section */

/* Begin PBXFrameworksBuildPhase section */
		B468D8B31C49C33400AFC6A7 /* Frameworks */ = {
			isa = PBXFrameworksBuildPhase;
			buildActionMask = 2147483647;
			files = (
				6DEB0F8991A83810D51031FE /* libPods.a in Frameworks */,
			);
			runOnlyForDeploymentPostprocessing = 0;
		};
/* End PBXFrameworksBuildPhase section */

/* Begin PBXGroup section */
		63B003634792D7C97819C9AC /* Frameworks */ = {
			isa = PBXGroup;
			children = (
				EE0C598ED700E1D7913EB82D /* libPods.a */,
			);
			name = Frameworks;
			sourceTree = "<group>";
		};
		8B4E21B14B5805A84945B02A /* Pods */ = {
			isa = PBXGroup;
			children = (
				33393FC2D02729A40CD512E1 /* Pods.debug.xcconfig */,
				EDDF7E5BC73E9E7F9D682952 /* Pods.release.xcconfig */,
			);
			name = Pods;
			sourceTree = "<group>";
		};
		B468D8AD1C49C33400AFC6A7 = {
			isa = PBXGroup;
			children = (
				B468D8B81C49C33400AFC6A7 /* En Route */,
				B468D8B71C49C33400AFC6A7 /* Products */,
				8B4E21B14B5805A84945B02A /* Pods */,
				63B003634792D7C97819C9AC /* Frameworks */,
			);
			sourceTree = "<group>";
		};
		B468D8B71C49C33400AFC6A7 /* Products */ = {
			isa = PBXGroup;
			children = (
				B468D8B61C49C33400AFC6A7 /* En Route.app */,
			);
			name = Products;
			sourceTree = "<group>";
		};
		B468D8B81C49C33400AFC6A7 /* En Route */ = {
			isa = PBXGroup;
			children = (
				B468D8BC1C49C33400AFC6A7 /* ERAppDelegate.h */,
				B468D8BD1C49C33400AFC6A7 /* ERAppDelegate.m */,
				B468D8D01C49C42800AFC6A7 /* ERMapViewController.h */,
				B468D8D11C49C42800AFC6A7 /* ERMapViewController.m */,
				B471FAD71C49E70D005AAD9F /* ERMapView.h */,
				B471FAD81C49E70D005AAD9F /* ERMapView.m */,
				85B313CA1C4A18F800AC665E /* ERCalloutView.h */,
				85B313CB1C4A18F800AC665E /* ERCalloutView.m */,
				B468D8C51C49C33400AFC6A7 /* Assets.xcassets */,
				B468D8C71C49C33400AFC6A7 /* LaunchScreen.storyboard */,
				B468D8CA1C49C33400AFC6A7 /* Info.plist */,
				B468D8B91C49C33400AFC6A7 /* Supporting Files */,
			);
			path = "En Route";
			sourceTree = "<group>";
		};
		B468D8B91C49C33400AFC6A7 /* Supporting Files */ = {
			isa = PBXGroup;
			children = (
				B468D8BA1C49C33400AFC6A7 /* main.m */,
			);
			name = "Supporting Files";
			sourceTree = "<group>";
		};
/* End PBXGroup section */

/* Begin PBXNativeTarget section */
		B468D8B51C49C33400AFC6A7 /* En Route */ = {
			isa = PBXNativeTarget;
			buildConfigurationList = B468D8CD1C49C33400AFC6A7 /* Build configuration list for PBXNativeTarget "En Route" */;
			buildPhases = (
				8A7A54DF60962AAF7BC6E96A /* Check Pods Manifest.lock */,
				B468D8B21C49C33400AFC6A7 /* Sources */,
				B468D8B31C49C33400AFC6A7 /* Frameworks */,
				B468D8B41C49C33400AFC6A7 /* Resources */,
				427EA24CD1752AEA7DFCD4BC /* Copy Pods Resources */,
			);
			buildRules = (
			);
			dependencies = (
			);
			name = "En Route";
			productName = "En Route";
			productReference = B468D8B61C49C33400AFC6A7 /* En Route.app */;
			productType = "com.apple.product-type.application";
		};
/* End PBXNativeTarget section */

/* Begin PBXProject section */
		B468D8AE1C49C33400AFC6A7 /* Project object */ = {
			isa = PBXProject;
			attributes = {
				CLASSPREFIX = ER;
				LastUpgradeCheck = 0720;
				ORGANIZATIONNAME = "Tanner Bennett";
				TargetAttributes = {
					B468D8B51C49C33400AFC6A7 = {
						CreatedOnToolsVersion = 7.2;
					};
				};
			};
			buildConfigurationList = B468D8B11C49C33400AFC6A7 /* Build configuration list for PBXProject "En Route" */;
			compatibilityVersion = "Xcode 3.2";
			developmentRegion = English;
			hasScannedForEncodings = 0;
			knownRegions = (
				en,
				Base,
			);
			mainGroup = B468D8AD1C49C33400AFC6A7;
			productRefGroup = B468D8B71C49C33400AFC6A7 /* Products */;
			projectDirPath = "";
			projectRoot = "";
			targets = (
				B468D8B51C49C33400AFC6A7 /* En Route */,
			);
		};
/* End PBXProject section */

/* Begin PBXResourcesBuildPhase section */
		B468D8B41C49C33400AFC6A7 /* Resources */ = {
			isa = PBXResourcesBuildPhase;
			buildActionMask = 2147483647;
			files = (
				B468D8C91C49C33400AFC6A7 /* LaunchScreen.storyboard in Resources */,
				B468D8C61C49C33400AFC6A7 /* Assets.xcassets in Resources */,
			);
			runOnlyForDeploymentPostprocessing = 0;
		};
/* End PBXResourcesBuildPhase section */

/* Begin PBXShellScriptBuildPhase section */
		427EA24CD1752AEA7DFCD4BC /* Copy Pods Resources */ = {
			isa = PBXShellScriptBuildPhase;
			buildActionMask = 2147483647;
			files = (
			);
			inputPaths = (
			);
			name = "Copy Pods Resources";
			outputPaths = (
			);
			runOnlyForDeploymentPostprocessing = 0;
			shellPath = /bin/sh;
			shellScript = "\"${SRCROOT}/Pods/Target Support Files/Pods/Pods-resources.sh\"\n";
			showEnvVarsInLog = 0;
		};
		8A7A54DF60962AAF7BC6E96A /* Check Pods Manifest.lock */ = {
			isa = PBXShellScriptBuildPhase;
			buildActionMask = 2147483647;
			files = (
			);
			inputPaths = (
			);
			name = "Check Pods Manifest.lock";
			outputPaths = (
			);
			runOnlyForDeploymentPostprocessing = 0;
			shellPath = /bin/sh;
			shellScript = "diff \"${PODS_ROOT}/../Podfile.lock\" \"${PODS_ROOT}/Manifest.lock\" > /dev/null\nif [[ $? != 0 ]] ; then\n    cat << EOM\nerror: The sandbox is not in sync with the Podfile.lock. Run 'pod install' or update your CocoaPods installation.\nEOM\n    exit 1\nfi\n";
			showEnvVarsInLog = 0;
		};
/* End PBXShellScriptBuildPhase section */

/* Begin PBXSourcesBuildPhase section */
		B468D8B21C49C33400AFC6A7 /* Sources */ = {
			isa = PBXSourcesBuildPhase;
			buildActionMask = 2147483647;
			files = (
				85B313CC1C4A18F800AC665E /* ERCalloutView.m in Sources */,
				B468D8D21C49C42800AFC6A7 /* ERMapViewController.m in Sources */,
				B471FAD91C49E70D005AAD9F /* ERMapView.m in Sources */,
				B468D8BE1C49C33400AFC6A7 /* ERAppDelegate.m in Sources */,
				B468D8BB1C49C33400AFC6A7 /* main.m in Sources */,
			);
			runOnlyForDeploymentPostprocessing = 0;
		};
/* End PBXSourcesBuildPhase section */

/* Begin PBXVariantGroup section */
		B468D8C71C49C33400AFC6A7 /* LaunchScreen.storyboard */ = {
			isa = PBXVariantGroup;
			children = (
				B468D8C81C49C33400AFC6A7 /* Base */,
			);
			name = LaunchScreen.storyboard;
			sourceTree = "<group>";
		};
/* End PBXVariantGroup section */

/* Begin XCBuildConfiguration section */
		B468D8CB1C49C33400AFC6A7 /* Debug */ = {
			isa = XCBuildConfiguration;
			buildSettings = {
				ALWAYS_SEARCH_USER_PATHS = NO;
				CLANG_CXX_LANGUAGE_STANDARD = "gnu++0x";
				CLANG_CXX_LIBRARY = "libc++";
				CLANG_ENABLE_MODULES = YES;
				CLANG_ENABLE_OBJC_ARC = YES;
				CLANG_WARN_BOOL_CONVERSION = YES;
				CLANG_WARN_CONSTANT_CONVERSION = YES;
				CLANG_WARN_DIRECT_OBJC_ISA_USAGE = YES_ERROR;
				CLANG_WARN_EMPTY_BODY = YES;
				CLANG_WARN_ENUM_CONVERSION = YES;
				CLANG_WARN_INT_CONVERSION = YES;
				CLANG_WARN_OBJC_ROOT_CLASS = YES_ERROR;
				CLANG_WARN_UNREACHABLE_CODE = YES;
				CLANG_WARN__DUPLICATE_METHOD_MATCH = YES;
				"CODE_SIGN_IDENTITY[sdk=iphoneos*]" = "iPhone Developer";
				COPY_PHASE_STRIP = NO;
				DEBUG_INFORMATION_FORMAT = dwarf;
				ENABLE_STRICT_OBJC_MSGSEND = YES;
				ENABLE_TESTABILITY = YES;
				GCC_C_LANGUAGE_STANDARD = gnu99;
				GCC_DYNAMIC_NO_PIC = NO;
				GCC_NO_COMMON_BLOCKS = YES;
				GCC_OPTIMIZATION_LEVEL = 0;
				GCC_PREPROCESSOR_DEFINITIONS = (
					"DEBUG=1",
					"$(inherited)",
				);
				GCC_WARN_64_TO_32_BIT_CONVERSION = YES;
				GCC_WARN_ABOUT_RETURN_TYPE = YES_ERROR;
				GCC_WARN_UNDECLARED_SELECTOR = YES;
				GCC_WARN_UNINITIALIZED_AUTOS = YES_AGGRESSIVE;
				GCC_WARN_UNUSED_FUNCTION = YES;
				GCC_WARN_UNUSED_VARIABLE = YES;
				IPHONEOS_DEPLOYMENT_TARGET = 8.3;
				MTL_ENABLE_DEBUG_INFO = YES;
				ONLY_ACTIVE_ARCH = YES;
				SDKROOT = iphoneos;
			};
			name = Debug;
		};
		B468D8CC1C49C33400AFC6A7 /* Release */ = {
			isa = XCBuildConfiguration;
			buildSettings = {
				ALWAYS_SEARCH_USER_PATHS = NO;
				CLANG_CXX_LANGUAGE_STANDARD = "gnu++0x";
				CLANG_CXX_LIBRARY = "libc++";
				CLANG_ENABLE_MODULES = YES;
				CLANG_ENABLE_OBJC_ARC = YES;
				CLANG_WARN_BOOL_CONVERSION = YES;
				CLANG_WARN_CONSTANT_CONVERSION = YES;
				CLANG_WARN_DIRECT_OBJC_ISA_USAGE = YES_ERROR;
				CLANG_WARN_EMPTY_BODY = YES;
				CLANG_WARN_ENUM_CONVERSION = YES;
				CLANG_WARN_INT_CONVERSION = YES;
				CLANG_WARN_OBJC_ROOT_CLASS = YES_ERROR;
				CLANG_WARN_UNREACHABLE_CODE = YES;
				CLANG_WARN__DUPLICATE_METHOD_MATCH = YES;
				"CODE_SIGN_IDENTITY[sdk=iphoneos*]" = "iPhone Developer";
				COPY_PHASE_STRIP = NO;
				DEBUG_INFORMATION_FORMAT = "dwarf-with-dsym";
				ENABLE_NS_ASSERTIONS = NO;
				ENABLE_STRICT_OBJC_MSGSEND = YES;
				GCC_C_LANGUAGE_STANDARD = gnu99;
				GCC_NO_COMMON_BLOCKS = YES;
				GCC_WARN_64_TO_32_BIT_CONVERSION = YES;
				GCC_WARN_ABOUT_RETURN_TYPE = YES_ERROR;
				GCC_WARN_UNDECLARED_SELECTOR = YES;
				GCC_WARN_UNINITIALIZED_AUTOS = YES_AGGRESSIVE;
				GCC_WARN_UNUSED_FUNCTION = YES;
				GCC_WARN_UNUSED_VARIABLE = YES;
				IPHONEOS_DEPLOYMENT_TARGET = 8.3;
				MTL_ENABLE_DEBUG_INFO = NO;
				SDKROOT = iphoneos;
				VALIDATE_PRODUCT = YES;
			};
			name = Release;
		};
		B468D8CE1C49C33400AFC6A7 /* Debug */ = {
			isa = XCBuildConfiguration;
			baseConfigurationReference = 33393FC2D02729A40CD512E1 /* Pods.debug.xcconfig */;
			buildSettings = {
				ASSETCATALOG_COMPILER_APPICON_NAME = AppIcon;
				INFOPLIST_FILE = "En Route/Info.plist";
				IPHONEOS_DEPLOYMENT_TARGET = 8.3;
				LD_RUNPATH_SEARCH_PATHS = "$(inherited) @executable_path/Frameworks";
				PRODUCT_BUNDLE_IDENTIFIER = "com.pantsthief.En-Route";
				PRODUCT_NAME = "$(TARGET_NAME)";
			};
			name = Debug;
		};
		B468D8CF1C49C33400AFC6A7 /* Release */ = {
			isa = XCBuildConfiguration;
			baseConfigurationReference = EDDF7E5BC73E9E7F9D682952 /* Pods.release.xcconfig */;
			buildSettings = {
				ASSETCATALOG_COMPILER_APPICON_NAME = AppIcon;
				INFOPLIST_FILE = "En Route/Info.plist";
				IPHONEOS_DEPLOYMENT_TARGET = 8.3;
				LD_RUNPATH_SEARCH_PATHS = "$(inherited) @executable_path/Frameworks";
				PRODUCT_BUNDLE_IDENTIFIER = "com.pantsthief.En-Route";
				PRODUCT_NAME = "$(TARGET_NAME)";
			};
			name = Release;
		};
/* End XCBuildConfiguration section */

/* Begin XCConfigurationList section */
		B468D8B11C49C33400AFC6A7 /* Build configuration list for PBXProject "En Route" */ = {
			isa = XCConfigurationList;
			buildConfigurations = (
				B468D8CB1C49C33400AFC6A7 /* Debug */,
				B468D8CC1C49C33400AFC6A7 /* Release */,
			);
			defaultConfigurationIsVisible = 0;
			defaultConfigurationName = Release;
		};
		B468D8CD1C49C33400AFC6A7 /* Build configuration list for PBXNativeTarget "En Route" */ = {
			isa = XCConfigurationList;
			buildConfigurations = (
				B468D8CE1C49C33400AFC6A7 /* Debug */,
				B468D8CF1C49C33400AFC6A7 /* Release */,
			);
			defaultConfigurationIsVisible = 0;
			defaultConfigurationName = Release;
		};
/* End XCConfigurationList section */
	};
	rootObject = B468D8AE1C49C33400AFC6A7 /* Project object */;
}
